
Microsoft Visual Studio Solution File, Format Version 12.00
# Visual Studio Version 17
VisualStudioVersion = 17.12.35527.113
MinimumVisualStudioVersion = 10.0.40219.1
Project("{2150E333-8FDC-42A3-9474-1A3956D46DE8}") = "Services", "Services", "{AE770896-0F51-45F2-9CEE-15FE6EFC775C}"
EndProject
Project("{2150E333-8FDC-42A3-9474-1A3956D46DE8}") = "Catalog", "Catalog", "{C5A25CC5-9BDA-498B-9DE3-156C0FF4660D}"
EndProject
Project("{FAE04EC0-301F-11D3-BF4B-00C04F79EFBC}") = "Catalog.API", "Services\Catalog\Catalog.API\Catalog.API.csproj", "{41E6C6EF-B7F4-4CEC-803D-01D67ECD7C36}"
EndProject
Project("{2150E333-8FDC-42A3-9474-1A3956D46DE8}") = "BuildingBlocks", "BuildingBlocks", "{C6F7D1DE-8D5F-449F-A4A4-520B7BF23025}"
EndProject
Project("{FAE04EC0-301F-11D3-BF4B-00C04F79EFBC}") = "BuildingBlocks", "BuildingBlocks\BuildingBlocks\BuildingBlocks.csproj", "{596BAE43-4BEC-4B97-ADF5-D4E620685210}"
EndProject
Project("{E53339B2-1760-4266-BCC7-CA923CBCF16C}") = "docker-compose", "docker-compose.dcproj", "{DDCB50D0-FA39-4C5E-A898-8C88F07D95EE}"
EndProject
Project("{2150E333-8FDC-42A3-9474-1A3956D46DE8}") = "Basket", "Basket", "{E2C237AF-5085-4D44-959F-5B9D2B40E450}"
EndProject
Project("{FAE04EC0-301F-11D3-BF4B-00C04F79EFBC}") = "Basket.API", "Services\Basket\Basket.API\Basket.API.csproj", "{5624A408-8F8A-4995-BCB5-D38EC2E1D081}"
EndProject
Project("{2150E333-8FDC-42A3-9474-1A3956D46DE8}") = "Discount", "Discount", "{195123F7-DAC6-4591-B75B-E365F76B1D4B}"
EndProject
Project("{FAE04EC0-301F-11D3-BF4B-00C04F79EFBC}") = "Discount.Grpc", "Services\Discount\Discount.Grpc\Discount.Grpc.csproj", "{4B5D2B90-0AA9-421D-A7DB-8E18CD5ECC89}"
EndProject
Project("{2150E333-8FDC-42A3-9474-1A3956D46DE8}") = "Ordering", "Ordering", "{F1A31A88-AE17-42F7-8F6B-717AD76DF12A}"
EndProject
Project("{FAE04EC0-301F-11D3-BF4B-00C04F79EFBC}") = "Ordering.API", "Services\Ordering\Ordering.API\Ordering.API.csproj", "{4A3D1BB8-3C8F-4BA4-A7C1-687B6C6B7B93}"
EndProject
Project("{FAE04EC0-301F-11D3-BF4B-00C04F79EFBC}") = "Ordering.Domain", "Services\Ordering\Ordering.Domain\Ordering.Domain.csproj", "{87CB1A90-F016-40FB-9EAE-68A6FC4DDD59}"
EndProject
Project("{FAE04EC0-301F-11D3-BF4B-00C04F79EFBC}") = "Ordering.Application", "Services\Ordering\Ordering.Application\Ordering.Application.csproj", "{2D8C42AE-E83C-41FC-BF15-83350ECA89C7}"
EndProject
Project("{FAE04EC0-301F-11D3-BF4B-00C04F79EFBC}") = "Ordering.Infrastructure", "Services\Ordering\Ordering.Infrastructure\Ordering.Infrastructure.csproj", "{0A85858A-FAB5-4555-9CCF-A6733F7C497A}"
EndProject
Project("{FAE04EC0-301F-11D3-BF4B-00C04F79EFBC}") = "BuildingBlocks.Messaging", "BuildingBlocks\BuildingBlocks.Messaging\BuildingBlocks.Messaging.csproj", "{0C8B796D-40E4-463E-86C7-4FF562BFC4C3}"
EndProject
Project("{2150E333-8FDC-42A3-9474-1A3956D46DE8}") = "ApiGateways", "ApiGateways", "{45C628C0-632F-4E5B-89D5-4547147CBB17}"
EndProject
Project("{FAE04EC0-301F-11D3-BF4B-00C04F79EFBC}") = "YarpApiGateway", "ApiGateways\YarpApiGateway\YarpApiGateway.csproj", "{F3229945-1B25-4564-BBFF-207A289FC9CB}"
EndProject
Global
	GlobalSection(SolutionConfigurationPlatforms) = preSolution
		Debug|Any CPU = Debug|Any CPU
		Release|Any CPU = Release|Any CPU
	EndGlobalSection
	GlobalSection(ProjectConfigurationPlatforms) = postSolution
		{41E6C6EF-B7F4-4CEC-803D-01D67ECD7C36}.Debug|Any CPU.ActiveCfg = Debug|Any CPU
		{41E6C6EF-B7F4-4CEC-803D-01D67ECD7C36}.Debug|Any CPU.Build.0 = Debug|Any CPU
		{41E6C6EF-B7F4-4CEC-803D-01D67ECD7C36}.Release|Any CPU.ActiveCfg = Release|Any CPU
		{41E6C6EF-B7F4-4CEC-803D-01D67ECD7C36}.Release|Any CPU.Build.0 = Release|Any CPU
		{596BAE43-4BEC-4B97-ADF5-D4E620685210}.Debug|Any CPU.ActiveCfg = Debug|Any CPU
		{596BAE43-4BEC-4B97-ADF5-D4E620685210}.Debug|Any CPU.Build.0 = Debug|Any CPU
		{596BAE43-4BEC-4B97-ADF5-D4E620685210}.Release|Any CPU.ActiveCfg = Release|Any CPU
		{596BAE43-4BEC-4B97-ADF5-D4E620685210}.Release|Any CPU.Build.0 = Release|Any CPU
		{DDCB50D0-FA39-4C5E-A898-8C88F07D95EE}.Debug|Any CPU.ActiveCfg = Debug|Any CPU
		{DDCB50D0-FA39-4C5E-A898-8C88F07D95EE}.Debug|Any CPU.Build.0 = Debug|Any CPU
		{DDCB50D0-FA39-4C5E-A898-8C88F07D95EE}.Release|Any CPU.ActiveCfg = Release|Any CPU
		{DDCB50D0-FA39-4C5E-A898-8C88F07D95EE}.Release|Any CPU.Build.0 = Release|Any CPU
		{5624A408-8F8A-4995-BCB5-D38EC2E1D081}.Debug|Any CPU.ActiveCfg = Debug|Any CPU
		{5624A408-8F8A-4995-BCB5-D38EC2E1D081}.Debug|Any CPU.Build.0 = Debug|Any CPU
		{5624A408-8F8A-4995-BCB5-D38EC2E1D081}.Release|Any CPU.ActiveCfg = Release|Any CPU
		{5624A408-8F8A-4995-BCB5-D38EC2E1D081}.Release|Any CPU.Build.0 = Release|Any CPU
		{4B5D2B90-0AA9-421D-A7DB-8E18CD5ECC89}.Debug|Any CPU.ActiveCfg = Debug|Any CPU
		{4B5D2B90-0AA9-421D-A7DB-8E18CD5ECC89}.Debug|Any CPU.Build.0 = Debug|Any CPU
		{4B5D2B90-0AA9-421D-A7DB-8E18CD5ECC89}.Release|Any CPU.ActiveCfg = Release|Any CPU
		{4B5D2B90-0AA9-421D-A7DB-8E18CD5ECC89}.Release|Any CPU.Build.0 = Release|Any CPU
		{4A3D1BB8-3C8F-4BA4-A7C1-687B6C6B7B93}.Debug|Any CPU.ActiveCfg = Debug|Any CPU
		{4A3D1BB8-3C8F-4BA4-A7C1-687B6C6B7B93}.Debug|Any CPU.Build.0 = Debug|Any CPU
		{4A3D1BB8-3C8F-4BA4-A7C1-687B6C6B7B93}.Release|Any CPU.ActiveCfg = Release|Any CPU
		{4A3D1BB8-3C8F-4BA4-A7C1-687B6C6B7B93}.Release|Any CPU.Build.0 = Release|Any CPU
		{87CB1A90-F016-40FB-9EAE-68A6FC4DDD59}.Debug|Any CPU.ActiveCfg = Debug|Any CPU
		{87CB1A90-F016-40FB-9EAE-68A6FC4DDD59}.Debug|Any CPU.Build.0 = Debug|Any CPU
		{87CB1A90-F016-40FB-9EAE-68A6FC4DDD59}.Release|Any CPU.ActiveCfg = Release|Any CPU
		{87CB1A90-F016-40FB-9EAE-68A6FC4DDD59}.Release|Any CPU.Build.0 = Release|Any CPU
		{2D8C42AE-E83C-41FC-BF15-83350ECA89C7}.Debug|Any CPU.ActiveCfg = Debug|Any CPU
		{2D8C42AE-E83C-41FC-BF15-83350ECA89C7}.Debug|Any CPU.Build.0 = Debug|Any CPU
		{2D8C42AE-E83C-41FC-BF15-83350ECA89C7}.Release|Any CPU.ActiveCfg = Release|Any CPU
		{2D8C42AE-E83C-41FC-BF15-83350ECA89C7}.Release|Any CPU.Build.0 = Release|Any CPU
		{0A85858A-FAB5-4555-9CCF-A6733F7C497A}.Debug|Any CPU.ActiveCfg = Debug|Any CPU
		{0A85858A-FAB5-4555-9CCF-A6733F7C497A}.Debug|Any CPU.Build.0 = Debug|Any CPU
		{0A85858A-FAB5-4555-9CCF-A6733F7C497A}.Release|Any CPU.ActiveCfg = Release|Any CPU
		{0A85858A-FAB5-4555-9CCF-A6733F7C497A}.Release|Any CPU.Build.0 = Release|Any CPU
		{0C8B796D-40E4-463E-86C7-4FF562BFC4C3}.Debug|Any CPU.ActiveCfg = Debug|Any CPU
		{0C8B796D-40E4-463E-86C7-4FF562BFC4C3}.Debug|Any CPU.Build.0 = Debug|Any CPU
		{0C8B796D-40E4-463E-86C7-4FF562BFC4C3}.Release|Any CPU.ActiveCfg = Release|Any CPU
		{0C8B796D-40E4-463E-86C7-4FF562BFC4C3}.Release|Any CPU.Build.0 = Release|Any CPU
		{F3229945-1B25-4564-BBFF-207A289FC9CB}.Debug|Any CPU.ActiveCfg = Debug|Any CPU
		{F3229945-1B25-4564-BBFF-207A289FC9CB}.Debug|Any CPU.Build.0 = Debug|Any CPU
		{F3229945-1B25-4564-BBFF-207A289FC9CB}.Release|Any CPU.ActiveCfg = Release|Any CPU
		{F3229945-1B25-4564-BBFF-207A289FC9CB}.Release|Any CPU.Build.0 = Release|Any CPU
	EndGlobalSection
	GlobalSection(SolutionProperties) = preSolution
		HideSolutionNode = FALSE
	EndGlobalSection
	GlobalSection(NestedProjects) = preSolution
		{C5A25CC5-9BDA-498B-9DE3-156C0FF4660D} = {AE770896-0F51-45F2-9CEE-15FE6EFC775C}
		{41E6C6EF-B7F4-4CEC-803D-01D67ECD7C36} = {C5A25CC5-9BDA-498B-9DE3-156C0FF4660D}
		{596BAE43-4BEC-4B97-ADF5-D4E620685210} = {C6F7D1DE-8D5F-449F-A4A4-520B7BF23025}
		{E2C237AF-5085-4D44-959F-5B9D2B40E450} = {AE770896-0F51-45F2-9CEE-15FE6EFC775C}
		{5624A408-8F8A-4995-BCB5-D38EC2E1D081} = {E2C237AF-5085-4D44-959F-5B9D2B40E450}
		{195123F7-DAC6-4591-B75B-E365F76B1D4B} = {AE770896-0F51-45F2-9CEE-15FE6EFC775C}
		{4B5D2B90-0AA9-421D-A7DB-8E18CD5ECC89} = {195123F7-DAC6-4591-B75B-E365F76B1D4B}
		{F1A31A88-AE17-42F7-8F6B-717AD76DF12A} = {AE770896-0F51-45F2-9CEE-15FE6EFC775C}
		{4A3D1BB8-3C8F-4BA4-A7C1-687B6C6B7B93} = {F1A31A88-AE17-42F7-8F6B-717AD76DF12A}
		{87CB1A90-F016-40FB-9EAE-68A6FC4DDD59} = {F1A31A88-AE17-42F7-8F6B-717AD76DF12A}
		{2D8C42AE-E83C-41FC-BF15-83350ECA89C7} = {F1A31A88-AE17-42F7-8F6B-717AD76DF12A}
		{0A85858A-FAB5-4555-9CCF-A6733F7C497A} = {F1A31A88-AE17-42F7-8F6B-717AD76DF12A}
		{0C8B796D-40E4-463E-86C7-4FF562BFC4C3} = {C6F7D1DE-8D5F-449F-A4A4-520B7BF23025}
		{F3229945-1B25-4564-BBFF-207A289FC9CB} = {45C628C0-632F-4E5B-89D5-4547147CBB17}
	EndGlobalSection
EndGlobal
